
Microsoft Visual Studio Solution File, Format Version 12.00
# Visual Studio Version 17
VisualStudioVersion = 17.0.31903.59
MinimumVisualStudioVersion = 10.0.40219.1
Project("{FAE04EC0-301F-11D3-BF4B-00C04F79EFBC}") = "SmoothOperator", "SmoothOperator\SmoothOperator.csproj", "{B85997B0-C90E-4109-A1B2-89935338F72A}"
EndProject
Project("{FAE04EC0-301F-11D3-BF4B-00C04F79EFBC}") = "Cilindro", "Cilindro\Cilindro.csproj", "{C05BEEFC-A0B8-4E4B-8121-F26816757455}"
EndProject
Project("{FAE04EC0-301F-11D3-BF4B-00C04F79EFBC}") = "ValoresEspeciais", "ValoresEspeciais\ValoresEspeciais.csproj", "{D3D51EF5-F501-4944-9058-7ADB3166E463}"
EndProject
Project("{FAE04EC0-301F-11D3-BF4B-00C04F79EFBC}") = "ChatGPTZero", "ChatGPTZero\ChatGPTZero.csproj", "{44B1686F-52E5-4F30-A1FA-967A89A4595C}"
EndProject
Global
	GlobalSection(SolutionConfigurationPlatforms) = preSolution
		Debug|Any CPU = Debug|Any CPU
		Release|Any CPU = Release|Any CPU
	EndGlobalSection
	GlobalSection(SolutionProperties) = preSolution
		HideSolutionNode = FALSE
	EndGlobalSection
	GlobalSection(ProjectConfigurationPlatforms) = postSolution
		{B85997B0-C90E-4109-A1B2-89935338F72A}.Debug|Any CPU.ActiveCfg = Debug|Any CPU
		{B85997B0-C90E-4109-A1B2-89935338F72A}.Debug|Any CPU.Build.0 = Debug|Any CPU
		{B85997B0-C90E-4109-A1B2-89935338F72A}.Release|Any CPU.ActiveCfg = Release|Any CPU
		{B85997B0-C90E-4109-A1B2-89935338F72A}.Release|Any CPU.Build.0 = Release|Any CPU
		{C05BEEFC-A0B8-4E4B-8121-F26816757455}.Debug|Any CPU.ActiveCfg = Debug|Any CPU
		{C05BEEFC-A0B8-4E4B-8121-F26816757455}.Debug|Any CPU.Build.0 = Debug|Any CPU
		{C05BEEFC-A0B8-4E4B-8121-F26816757455}.Release|Any CPU.ActiveCfg = Release|Any CPU
		{C05BEEFC-A0B8-4E4B-8121-F26816757455}.Release|Any CPU.Build.0 = Release|Any CPU
		{D3D51EF5-F501-4944-9058-7ADB3166E463}.Debug|Any CPU.ActiveCfg = Debug|Any CPU
		{D3D51EF5-F501-4944-9058-7ADB3166E463}.Debug|Any CPU.Build.0 = Debug|Any CPU
		{D3D51EF5-F501-4944-9058-7ADB3166E463}.Release|Any CPU.ActiveCfg = Release|Any CPU
		{D3D51EF5-F501-4944-9058-7ADB3166E463}.Release|Any CPU.Build.0 = Release|Any CPU
		{44B1686F-52E5-4F30-A1FA-967A89A4595C}.Debug|Any CPU.ActiveCfg = Debug|Any CPU
		{44B1686F-52E5-4F30-A1FA-967A89A4595C}.Debug|Any CPU.Build.0 = Debug|Any CPU
		{44B1686F-52E5-4F30-A1FA-967A89A4595C}.Release|Any CPU.ActiveCfg = Release|Any CPU
		{44B1686F-52E5-4F30-A1FA-967A89A4595C}.Release|Any CPU.Build.0 = Release|Any CPU
	EndGlobalSection
EndGlobal
